// !$*UTF8*$!
{
	archiveVersion = 1;
	classes = {
	};
	objectVersion = 50;
	objects = {

/* Begin PBXBuildFile section */
		50370D152603AA5E007D573C /* NavigationEdiitNoteController.swift in Sources */ = {isa = PBXBuildFile; fileRef = 50370D142603AA5E007D573C /* NavigationEdiitNoteController.swift */; };
		50370D172603E7CC007D573C /* NavigationMainTabelVewController.swift in Sources */ = {isa = PBXBuildFile; fileRef = 50370D162603E7CC007D573C /* NavigationMainTabelVewController.swift */; };
		50F6C6F32600C104005A5374 /* AppDelegate.swift in Sources */ = {isa = PBXBuildFile; fileRef = 50F6C6F22600C104005A5374 /* AppDelegate.swift */; };
		50F6C6F82600C104005A5374 /* Main.storyboard in Resources */ = {isa = PBXBuildFile; fileRef = 50F6C6F62600C104005A5374 /* Main.storyboard */; };
		50F6C6FA2600C105005A5374 /* Assets.xcassets in Resources */ = {isa = PBXBuildFile; fileRef = 50F6C6F92600C105005A5374 /* Assets.xcassets */; };
		50F6C6FD2600C105005A5374 /* LaunchScreen.storyboard in Resources */ = {isa = PBXBuildFile; fileRef = 50F6C6FB2600C105005A5374 /* LaunchScreen.storyboard */; };
		50F6C7082600C106005A5374 /* FocusStartTestTaskTests.swift in Sources */ = {isa = PBXBuildFile; fileRef = 50F6C7072600C106005A5374 /* FocusStartTestTaskTests.swift */; };
		50F6C7132600C106005A5374 /* FocusStartTestTaskUITests.swift in Sources */ = {isa = PBXBuildFile; fileRef = 50F6C7122600C106005A5374 /* FocusStartTestTaskUITests.swift */; };
		50F6C7222600C15C005A5374 /* MainModel.swift in Sources */ = {isa = PBXBuildFile; fileRef = 50F6C7212600C15C005A5374 /* MainModel.swift */; };
		50F6C7262600C5D7005A5374 /* MainTableViewController.swift in Sources */ = {isa = PBXBuildFile; fileRef = 50F6C7252600C5D7005A5374 /* MainTableViewController.swift */; };
		50F6C7282600C8B8005A5374 /* MyTableViewCell.swift in Sources */ = {isa = PBXBuildFile; fileRef = 50F6C7272600C8B8005A5374 /* MyTableViewCell.swift */; };
		50F6C72C2601099D005A5374 /* EditNoteVC.swift in Sources */ = {isa = PBXBuildFile; fileRef = 50F6C72B2601099D005A5374 /* EditNoteVC.swift */; };
/* End PBXBuildFile section */

/* Begin PBXContainerItemProxy section */
		50F6C7042600C106005A5374 /* PBXContainerItemProxy */ = {
			isa = PBXContainerItemProxy;
			containerPortal = 50F6C6E72600C104005A5374 /* Project object */;
			proxyType = 1;
			remoteGlobalIDString = 50F6C6EE2600C104005A5374;
			remoteInfo = FocusStartTestTask;
		};
		50F6C70F2600C106005A5374 /* PBXContainerItemProxy */ = {
			isa = PBXContainerItemProxy;
			containerPortal = 50F6C6E72600C104005A5374 /* Project object */;
			proxyType = 1;
			remoteGlobalIDString = 50F6C6EE2600C104005A5374;
			remoteInfo = FocusStartTestTask;
		};
/* End PBXContainerItemProxy section */

/* Begin PBXFileReference section */
		50370D142603AA5E007D573C /* NavigationEdiitNoteController.swift */ = {isa = PBXFileReference; lastKnownFileType = sourcecode.swift; path = NavigationEdiitNoteController.swift; sourceTree = "<group>"; };
		50370D162603E7CC007D573C /* NavigationMainTabelVewController.swift */ = {isa = PBXFileReference; lastKnownFileType = sourcecode.swift; path = NavigationMainTabelVewController.swift; sourceTree = "<group>"; };
		50F6C6EF2600C104005A5374 /* FocusStartTestTask.app */ = {isa = PBXFileReference; explicitFileType = wrapper.application; includeInIndex = 0; path = FocusStartTestTask.app; sourceTree = BUILT_PRODUCTS_DIR; };
		50F6C6F22600C104005A5374 /* AppDelegate.swift */ = {isa = PBXFileReference; lastKnownFileType = sourcecode.swift; path = AppDelegate.swift; sourceTree = "<group>"; };
		50F6C6F72600C104005A5374 /* Base */ = {isa = PBXFileReference; lastKnownFileType = file.storyboard; name = Base; path = Base.lproj/Main.storyboard; sourceTree = "<group>"; };
		50F6C6F92600C105005A5374 /* Assets.xcassets */ = {isa = PBXFileReference; lastKnownFileType = folder.assetcatalog; path = Assets.xcassets; sourceTree = "<group>"; };
		50F6C6FC2600C105005A5374 /* Base */ = {isa = PBXFileReference; lastKnownFileType = file.storyboard; name = Base; path = Base.lproj/LaunchScreen.storyboard; sourceTree = "<group>"; };
		50F6C6FE2600C105005A5374 /* Info.plist */ = {isa = PBXFileReference; lastKnownFileType = text.plist.xml; path = Info.plist; sourceTree = "<group>"; };
		50F6C7032600C106005A5374 /* FocusStartTestTaskTests.xctest */ = {isa = PBXFileReference; explicitFileType = wrapper.cfbundle; includeInIndex = 0; path = FocusStartTestTaskTests.xctest; sourceTree = BUILT_PRODUCTS_DIR; };
		50F6C7072600C106005A5374 /* FocusStartTestTaskTests.swift */ = {isa = PBXFileReference; lastKnownFileType = sourcecode.swift; path = FocusStartTestTaskTests.swift; sourceTree = "<group>"; };
		50F6C7092600C106005A5374 /* Info.plist */ = {isa = PBXFileReference; lastKnownFileType = text.plist.xml; path = Info.plist; sourceTree = "<group>"; };
		50F6C70E2600C106005A5374 /* FocusStartTestTaskUITests.xctest */ = {isa = PBXFileReference; explicitFileType = wrapper.cfbundle; includeInIndex = 0; path = FocusStartTestTaskUITests.xctest; sourceTree = BUILT_PRODUCTS_DIR; };
		50F6C7122600C106005A5374 /* FocusStartTestTaskUITests.swift */ = {isa = PBXFileReference; lastKnownFileType = sourcecode.swift; path = FocusStartTestTaskUITests.swift; sourceTree = "<group>"; };
		50F6C7142600C106005A5374 /* Info.plist */ = {isa = PBXFileReference; lastKnownFileType = text.plist.xml; path = Info.plist; sourceTree = "<group>"; };
		50F6C7212600C15C005A5374 /* MainModel.swift */ = {isa = PBXFileReference; lastKnownFileType = sourcecode.swift; path = MainModel.swift; sourceTree = "<group>"; };
		50F6C7252600C5D7005A5374 /* MainTableViewController.swift */ = {isa = PBXFileReference; lastKnownFileType = sourcecode.swift; path = MainTableViewController.swift; sourceTree = "<group>"; };
		50F6C7272600C8B8005A5374 /* MyTableViewCell.swift */ = {isa = PBXFileReference; lastKnownFileType = sourcecode.swift; path = MyTableViewCell.swift; sourceTree = "<group>"; };
		50F6C72B2601099D005A5374 /* EditNoteVC.swift */ = {isa = PBXFileReference; lastKnownFileType = sourcecode.swift; path = EditNoteVC.swift; sourceTree = "<group>"; };
/* End PBXFileReference section */

/* Begin PBXFrameworksBuildPhase section */
		50F6C6EC2600C104005A5374 /* Frameworks */ = {
			isa = PBXFrameworksBuildPhase;
			buildActionMask = 2147483647;
			files = (
			);
			runOnlyForDeploymentPostprocessing = 0;
		};
		50F6C7002600C106005A5374 /* Frameworks */ = {
			isa = PBXFrameworksBuildPhase;
			buildActionMask = 2147483647;
			files = (
			);
			runOnlyForDeploymentPostprocessing = 0;
		};
		50F6C70B2600C106005A5374 /* Frameworks */ = {
			isa = PBXFrameworksBuildPhase;
			buildActionMask = 2147483647;
			files = (
			);
			runOnlyForDeploymentPostprocessing = 0;
		};
/* End PBXFrameworksBuildPhase section */

/* Begin PBXGroup section */
		50F6C6E62600C104005A5374 = {
			isa = PBXGroup;
			children = (
				50F6C6F12600C104005A5374 /* FocusStartTestTask */,
				50F6C7202600C14B005A5374 /* Model */,
				50F6C7062600C106005A5374 /* FocusStartTestTaskTests */,
				50F6C7112600C106005A5374 /* FocusStartTestTaskUITests */,
				50F6C6F02600C104005A5374 /* Products */,
			);
			sourceTree = "<group>";
		};
		50F6C6F02600C104005A5374 /* Products */ = {
			isa = PBXGroup;
			children = (
				50F6C6EF2600C104005A5374 /* FocusStartTestTask.app */,
				50F6C7032600C106005A5374 /* FocusStartTestTaskTests.xctest */,
				50F6C70E2600C106005A5374 /* FocusStartTestTaskUITests.xctest */,
			);
			name = Products;
			sourceTree = "<group>";
		};
		50F6C6F12600C104005A5374 /* FocusStartTestTask */ = {
			isa = PBXGroup;
			children = (
				50F6C6F22600C104005A5374 /* AppDelegate.swift */,
				50F6C7252600C5D7005A5374 /* MainTableViewController.swift */,
				50F6C7272600C8B8005A5374 /* MyTableViewCell.swift */,
				50F6C72B2601099D005A5374 /* EditNoteVC.swift */,
				50370D142603AA5E007D573C /* NavigationEdiitNoteController.swift */,
				50370D162603E7CC007D573C /* NavigationMainTabelVewController.swift */,
				50F6C6F62600C104005A5374 /* Main.storyboard */,
				50F6C6F92600C105005A5374 /* Assets.xcassets */,
				50F6C6FB2600C105005A5374 /* LaunchScreen.storyboard */,
				50F6C6FE2600C105005A5374 /* Info.plist */,
			);
			path = FocusStartTestTask;
			sourceTree = "<group>";
		};
		50F6C7062600C106005A5374 /* FocusStartTestTaskTests */ = {
			isa = PBXGroup;
			children = (
				50F6C7072600C106005A5374 /* FocusStartTestTaskTests.swift */,
				50F6C7092600C106005A5374 /* Info.plist */,
			);
			path = FocusStartTestTaskTests;
			sourceTree = "<group>";
		};
		50F6C7112600C106005A5374 /* FocusStartTestTaskUITests */ = {
			isa = PBXGroup;
			children = (
				50F6C7122600C106005A5374 /* FocusStartTestTaskUITests.swift */,
				50F6C7142600C106005A5374 /* Info.plist */,
			);
			path = FocusStartTestTaskUITests;
			sourceTree = "<group>";
		};
		50F6C7202600C14B005A5374 /* Model */ = {
			isa = PBXGroup;
			children = (
				50F6C7212600C15C005A5374 /* MainModel.swift */,
			);
			path = Model;
			sourceTree = "<group>";
		};
/* End PBXGroup section */

/* Begin PBXNativeTarget section */
		50F6C6EE2600C104005A5374 /* FocusStartTestTask */ = {
			isa = PBXNativeTarget;
			buildConfigurationList = 50F6C7172600C106005A5374 /* Build configuration list for PBXNativeTarget "FocusStartTestTask" */;
			buildPhases = (
				50F6C6EB2600C104005A5374 /* Sources */,
				50F6C6EC2600C104005A5374 /* Frameworks */,
				50F6C6ED2600C104005A5374 /* Resources */,
			);
			buildRules = (
			);
			dependencies = (
			);
			name = FocusStartTestTask;
			productName = FocusStartTestTask;
			productReference = 50F6C6EF2600C104005A5374 /* FocusStartTestTask.app */;
			productType = "com.apple.product-type.application";
		};
		50F6C7022600C106005A5374 /* FocusStartTestTaskTests */ = {
			isa = PBXNativeTarget;
			buildConfigurationList = 50F6C71A2600C106005A5374 /* Build configuration list for PBXNativeTarget "FocusStartTestTaskTests" */;
			buildPhases = (
				50F6C6FF2600C106005A5374 /* Sources */,
				50F6C7002600C106005A5374 /* Frameworks */,
				50F6C7012600C106005A5374 /* Resources */,
			);
			buildRules = (
			);
			dependencies = (
				50F6C7052600C106005A5374 /* PBXTargetDependency */,
			);
			name = FocusStartTestTaskTests;
			productName = FocusStartTestTaskTests;
			productReference = 50F6C7032600C106005A5374 /* FocusStartTestTaskTests.xctest */;
			productType = "com.apple.product-type.bundle.unit-test";
		};
		50F6C70D2600C106005A5374 /* FocusStartTestTaskUITests */ = {
			isa = PBXNativeTarget;
			buildConfigurationList = 50F6C71D2600C106005A5374 /* Build configuration list for PBXNativeTarget "FocusStartTestTaskUITests" */;
			buildPhases = (
				50F6C70A2600C106005A5374 /* Sources */,
				50F6C70B2600C106005A5374 /* Frameworks */,
				50F6C70C2600C106005A5374 /* Resources */,
			);
			buildRules = (
			);
			dependencies = (
				50F6C7102600C106005A5374 /* PBXTargetDependency */,
			);
			name = FocusStartTestTaskUITests;
			productName = FocusStartTestTaskUITests;
			productReference = 50F6C70E2600C106005A5374 /* FocusStartTestTaskUITests.xctest */;
			productType = "com.apple.product-type.bundle.ui-testing";
		};
/* End PBXNativeTarget section */

/* Begin PBXProject section */
		50F6C6E72600C104005A5374 /* Project object */ = {
			isa = PBXProject;
			attributes = {
				LastSwiftUpdateCheck = 1010;
				LastUpgradeCheck = 1010;
				ORGANIZATIONNAME = Max;
				TargetAttributes = {
					50F6C6EE2600C104005A5374 = {
						CreatedOnToolsVersion = 10.1;
					};
					50F6C7022600C106005A5374 = {
						CreatedOnToolsVersion = 10.1;
						TestTargetID = 50F6C6EE2600C104005A5374;
					};
					50F6C70D2600C106005A5374 = {
						CreatedOnToolsVersion = 10.1;
						TestTargetID = 50F6C6EE2600C104005A5374;
					};
				};
			};
			buildConfigurationList = 50F6C6EA2600C104005A5374 /* Build configuration list for PBXProject "FocusStartTestTask" */;
			compatibilityVersion = "Xcode 9.3";
			developmentRegion = en;
			hasScannedForEncodings = 0;
			knownRegions = (
				en,
				Base,
			);
			mainGroup = 50F6C6E62600C104005A5374;
			productRefGroup = 50F6C6F02600C104005A5374 /* Products */;
			projectDirPath = "";
			projectRoot = "";
			targets = (
				50F6C6EE2600C104005A5374 /* FocusStartTestTask */,
				50F6C7022600C106005A5374 /* FocusStartTestTaskTests */,
				50F6C70D2600C106005A5374 /* FocusStartTestTaskUITests */,
			);
		};
/* End PBXProject section */

/* Begin PBXResourcesBuildPhase section */
		50F6C6ED2600C104005A5374 /* Resources */ = {
			isa = PBXResourcesBuildPhase;
			buildActionMask = 2147483647;
			files = (
				50F6C6FD2600C105005A5374 /* LaunchScreen.storyboard in Resources */,
				50F6C6FA2600C105005A5374 /* Assets.xcassets in Resources */,
				50F6C6F82600C104005A5374 /* Main.storyboard in Resources */,
			);
			runOnlyForDeploymentPostprocessing = 0;
		};
		50F6C7012600C106005A5374 /* Resources */ = {
			isa = PBXResourcesBuildPhase;
			buildActionMask = 2147483647;
			files = (
			);
			runOnlyForDeploymentPostprocessing = 0;
		};
		50F6C70C2600C106005A5374 /* Resources */ = {
			isa = PBXResourcesBuildPhase;
			buildActionMask = 2147483647;
			files = (
			);
			runOnlyForDeploymentPostprocessing = 0;
		};
/* End PBXResourcesBuildPhase section */

/* Begin PBXSourcesBuildPhase section */
		50F6C6EB2600C104005A5374 /* Sources */ = {
			isa = PBXSourcesBuildPhase;
			buildActionMask = 2147483647;
			files = (
				50F6C7262600C5D7005A5374 /* MainTableViewController.swift in Sources */,
				50370D152603AA5E007D573C /* NavigationEdiitNoteController.swift in Sources */,
				50F6C6F32600C104005A5374 /* AppDelegate.swift in Sources */,
				50370D172603E7CC007D573C /* NavigationMainTabelVewController.swift in Sources */,
				50F6C7282600C8B8005A5374 /* MyTableViewCell.swift in Sources */,
				50F6C72C2601099D005A5374 /* EditNoteVC.swift in Sources */,
				50F6C7222600C15C005A5374 /* MainModel.swift in Sources */,
			);
			runOnlyForDeploymentPostprocessing = 0;
		};
		50F6C6FF2600C106005A5374 /* Sources */ = {
			isa = PBXSourcesBuildPhase;
			buildActionMask = 2147483647;
			files = (
				50F6C7082600C106005A5374 /* FocusStartTestTaskTests.swift in Sources */,
			);
			runOnlyForDeploymentPostprocessing = 0;
		};
		50F6C70A2600C106005A5374 /* Sources */ = {
			isa = PBXSourcesBuildPhase;
			buildActionMask = 2147483647;
			files = (
				50F6C7132600C106005A5374 /* FocusStartTestTaskUITests.swift in Sources */,
			);
			runOnlyForDeploymentPostprocessing = 0;
		};
/* End PBXSourcesBuildPhase section */

/* Begin PBXTargetDependency section */
		50F6C7052600C106005A5374 /* PBXTargetDependency */ = {
			isa = PBXTargetDependency;
			target = 50F6C6EE2600C104005A5374 /* FocusStartTestTask */;
			targetProxy = 50F6C7042600C106005A5374 /* PBXContainerItemProxy */;
		};
		50F6C7102600C106005A5374 /* PBXTargetDependency */ = {
			isa = PBXTargetDependency;
			target = 50F6C6EE2600C104005A5374 /* FocusStartTestTask */;
			targetProxy = 50F6C70F2600C106005A5374 /* PBXContainerItemProxy */;
		};
/* End PBXTargetDependency section */

/* Begin PBXVariantGroup section */
		50F6C6F62600C104005A5374 /* Main.storyboard */ = {
			isa = PBXVariantGroup;
			children = (
				50F6C6F72600C104005A5374 /* Base */,
			);
			name = Main.storyboard;
			sourceTree = "<group>";
		};
		50F6C6FB2600C105005A5374 /* LaunchScreen.storyboard */ = {
			isa = PBXVariantGroup;
			children = (
				50F6C6FC2600C105005A5374 /* Base */,
			);
			name = LaunchScreen.storyboard;
			sourceTree = "<group>";
		};
/* End PBXVariantGroup section */

/* Begin XCBuildConfiguration section */
		50F6C7152600C106005A5374 /* Debug */ = {
			isa = XCBuildConfiguration;
			buildSettings = {
				ALWAYS_SEARCH_USER_PATHS = NO;
				CLANG_ANALYZER_NONNULL = YES;
				CLANG_ANALYZER_NUMBER_OBJECT_CONVERSION = YES_AGGRESSIVE;
				CLANG_CXX_LANGUAGE_STANDARD = "gnu++14";
				CLANG_CXX_LIBRARY = "libc++";
				CLANG_ENABLE_MODULES = YES;
				CLANG_ENABLE_OBJC_ARC = YES;
				CLANG_ENABLE_OBJC_WEAK = YES;
				CLANG_WARN_BLOCK_CAPTURE_AUTORELEASING = YES;
				CLANG_WARN_BOOL_CONVERSION = YES;
				CLANG_WARN_COMMA = YES;
				CLANG_WARN_CONSTANT_CONVERSION = YES;
				CLANG_WARN_DEPRECATED_OBJC_IMPLEMENTATIONS = YES;
				CLANG_WARN_DIRECT_OBJC_ISA_USAGE = YES_ERROR;
				CLANG_WARN_DOCUMENTATION_COMMENTS = YES;
				CLANG_WARN_EMPTY_BODY = YES;
				CLANG_WARN_ENUM_CONVERSION = YES;
				CLANG_WARN_INFINITE_RECURSION = YES;
				CLANG_WARN_INT_CONVERSION = YES;
				CLANG_WARN_NON_LITERAL_NULL_CONVERSION = YES;
				CLANG_WARN_OBJC_IMPLICIT_RETAIN_SELF = YES;
				CLANG_WARN_OBJC_LITERAL_CONVERSION = YES;
				CLANG_WARN_OBJC_ROOT_CLASS = YES_ERROR;
				CLANG_WARN_RANGE_LOOP_ANALYSIS = YES;
				CLANG_WARN_STRICT_PROTOTYPES = YES;
				CLANG_WARN_SUSPICIOUS_MOVE = YES;
				CLANG_WARN_UNGUARDED_AVAILABILITY = YES_AGGRESSIVE;
				CLANG_WARN_UNREACHABLE_CODE = YES;
				CLANG_WARN__DUPLICATE_METHOD_MATCH = YES;
				CODE_SIGN_IDENTITY = "iPhone Developer";
				COPY_PHASE_STRIP = NO;
				DEBUG_INFORMATION_FORMAT = dwarf;
				ENABLE_STRICT_OBJC_MSGSEND = YES;
				ENABLE_TESTABILITY = YES;
				GCC_C_LANGUAGE_STANDARD = gnu11;
				GCC_DYNAMIC_NO_PIC = NO;
				GCC_NO_COMMON_BLOCKS = YES;
				GCC_OPTIMIZATION_LEVEL = 0;
				GCC_PREPROCESSOR_DEFINITIONS = (
					"DEBUG=1",
					"$(inherited)",
				);
				GCC_WARN_64_TO_32_BIT_CONVERSION = YES;
				GCC_WARN_ABOUT_RETURN_TYPE = YES_ERROR;
				GCC_WARN_UNDECLARED_SELECTOR = YES;
				GCC_WARN_UNINITIALIZED_AUTOS = YES_AGGRESSIVE;
				GCC_WARN_UNUSED_FUNCTION = YES;
				GCC_WARN_UNUSED_VARIABLE = YES;
				IPHONEOS_DEPLOYMENT_TARGET = 12.1;
				MTL_ENABLE_DEBUG_INFO = INCLUDE_SOURCE;
				MTL_FAST_MATH = YES;
				ONLY_ACTIVE_ARCH = YES;
				SDKROOT = iphoneos;
				SWIFT_ACTIVE_COMPILATION_CONDITIONS = DEBUG;
				SWIFT_OPTIMIZATION_LEVEL = "-Onone";
			};
			name = Debug;
		};
		50F6C7162600C106005A5374 /* Release */ = {
			isa = XCBuildConfiguration;
			buildSettings = {
				ALWAYS_SEARCH_USER_PATHS = NO;
				CLANG_ANALYZER_NONNULL = YES;
				CLANG_ANALYZER_NUMBER_OBJECT_CONVERSION = YES_AGGRESSIVE;
				CLANG_CXX_LANGUAGE_STANDARD = "gnu++14";
				CLANG_CXX_LIBRARY = "libc++";
				CLANG_ENABLE_MODULES = YES;
				CLANG_ENABLE_OBJC_ARC = YES;
				CLANG_ENABLE_OBJC_WEAK = YES;
				CLANG_WARN_BLOCK_CAPTURE_AUTORELEASING = YES;
				CLANG_WARN_BOOL_CONVERSION = YES;
				CLANG_WARN_COMMA = YES;
				CLANG_WARN_CONSTANT_CONVERSION = YES;
				CLANG_WARN_DEPRECATED_OBJC_IMPLEMENTATIONS = YES;
				CLANG_WARN_DIRECT_OBJC_ISA_USAGE = YES_ERROR;
				CLANG_WARN_DOCUMENTATION_COMMENTS = YES;
				CLANG_WARN_EMPTY_BODY = YES;
				CLANG_WARN_ENUM_CONVERSION = YES;
				CLANG_WARN_INFINITE_RECURSION = YES;
				CLANG_WARN_INT_CONVERSION = YES;
				CLANG_WARN_NON_LITERAL_NULL_CONVERSION = YES;
				CLANG_WARN_OBJC_IMPLICIT_RETAIN_SELF = YES;
				CLANG_WARN_OBJC_LITERAL_CONVERSION = YES;
				CLANG_WARN_OBJC_ROOT_CLASS = YES_ERROR;
				CLANG_WARN_RANGE_LOOP_ANALYSIS = YES;
				CLANG_WARN_STRICT_PROTOTYPES = YES;
				CLANG_WARN_SUSPICIOUS_MOVE = YES;
				CLANG_WARN_UNGUARDED_AVAILABILITY = YES_AGGRESSIVE;
				CLANG_WARN_UNREACHABLE_CODE = YES;
				CLANG_WARN__DUPLICATE_METHOD_MATCH = YES;
				CODE_SIGN_IDENTITY = "iPhone Developer";
				COPY_PHASE_STRIP = NO;
				DEBUG_INFORMATION_FORMAT = "dwarf-with-dsym";
				ENABLE_NS_ASSERTIONS = NO;
				ENABLE_STRICT_OBJC_MSGSEND = YES;
				GCC_C_LANGUAGE_STANDARD = gnu11;
				GCC_NO_COMMON_BLOCKS = YES;
				GCC_WARN_64_TO_32_BIT_CONVERSION = YES;
				GCC_WARN_ABOUT_RETURN_TYPE = YES_ERROR;
				GCC_WARN_UNDECLARED_SELECTOR = YES;
				GCC_WARN_UNINITIALIZED_AUTOS = YES_AGGRESSIVE;
				GCC_WARN_UNUSED_FUNCTION = YES;
				GCC_WARN_UNUSED_VARIABLE = YES;
				IPHONEOS_DEPLOYMENT_TARGET = 12.1;
				MTL_ENABLE_DEBUG_INFO = NO;
				MTL_FAST_MATH = YES;
				SDKROOT = iphoneos;
				SWIFT_COMPILATION_MODE = wholemodule;
				SWIFT_OPTIMIZATION_LEVEL = "-O";
				VALIDATE_PRODUCT = YES;
			};
			name = Release;
		};
		50F6C7182600C106005A5374 /* Debug */ = {
			isa = XCBuildConfiguration;
			buildSettings = {
				ASSETCATALOG_COMPILER_APPICON_NAME = AppIcon;
				CODE_SIGN_STYLE = Automatic;
				INFOPLIST_FILE = FocusStartTestTask/Info.plist;
				LD_RUNPATH_SEARCH_PATHS = (
					"$(inherited)",
					"@executable_path/Frameworks",
				);
				PRODUCT_BUNDLE_IDENTIFIER = Max.FocusStartTestTask;
				PRODUCT_NAME = "$(TARGET_NAME)";
				SWIFT_VERSION = 4.2;
				TARGETED_DEVICE_FAMILY = "1,2";
			};
			name = Debug;
		};
		50F6C7192600C106005A5374 /* Release */ = {
			isa = XCBuildConfiguration;
			buildSettings = {
				ASSETCATALOG_COMPILER_APPICON_NAME = AppIcon;
				CODE_SIGN_STYLE = Automatic;
				INFOPLIST_FILE = FocusStartTestTask/Info.plist;
				LD_RUNPATH_SEARCH_PATHS = (
					"$(inherited)",
					"@executable_path/Frameworks",
				);
				PRODUCT_BUNDLE_IDENTIFIER = Max.FocusStartTestTask;
				PRODUCT_NAME = "$(TARGET_NAME)";
				SWIFT_VERSION = 4.2;
				TARGETED_DEVICE_FAMILY = "1,2";
			};
			name = Release;
		};
		50F6C71B2600C106005A5374 /* Debug */ = {
			isa = XCBuildConfiguration;
			buildSettings = {
				ALWAYS_EMBED_SWIFT_STANDARD_LIBRARIES = YES;
				BUNDLE_LOADER = "$(TEST_HOST)";
				CODE_SIGN_STYLE = Automatic;
				INFOPLIST_FILE = FocusStartTestTaskTests/Info.plist;
				LD_RUNPATH_SEARCH_PATHS = (
					"$(inherited)",
					"@executable_path/Frameworks",
					"@loader_path/Frameworks",
				);
				PRODUCT_BUNDLE_IDENTIFIER = Max.FocusStartTestTaskTests;
				PRODUCT_NAME = "$(TARGET_NAME)";
				SWIFT_VERSION = 4.2;
				TARGETED_DEVICE_FAMILY = "1,2";
				TEST_HOST = "$(BUILT_PRODUCTS_DIR)/FocusStartTestTask.app/FocusStartTestTask";
			};
			name = Debug;
		};
		50F6C71C2600C106005A5374 /* Release */ = {
			isa = XCBuildConfiguration;
			buildSettings = {
				ALWAYS_EMBED_SWIFT_STANDARD_LIBRARIES = YES;
				BUNDLE_LOADER = "$(TEST_HOST)";
				CODE_SIGN_STYLE = Automatic;
				INFOPLIST_FILE = FocusStartTestTaskTests/Info.plist;
				LD_RUNPATH_SEARCH_PATHS = (
					"$(inherited)",
					"@executable_path/Frameworks",
					"@loader_path/Frameworks",
				);
				PRODUCT_BUNDLE_IDENTIFIER = Max.FocusStartTestTaskTests;
				PRODUCT_NAME = "$(TARGET_NAME)";
				SWIFT_VERSION = 4.2;
				TARGETED_DEVICE_FAMILY = "1,2";
				TEST_HOST = "$(BUILT_PRODUCTS_DIR)/FocusStartTestTask.app/FocusStartTestTask";
			};
			name = Release;
		};
		50F6C71E2600C106005A5374 /* Debug */ = {
			isa = XCBuildConfiguration;
			buildSettings = {
				ALWAYS_EMBED_SWIFT_STANDARD_LIBRARIES = YES;
				CODE_SIGN_STYLE = Automatic;
				INFOPLIST_FILE = FocusStartTestTaskUITests/Info.plist;
				LD_RUNPATH_SEARCH_PATHS = (
					"$(inherited)",
					"@executable_path/Frameworks",
					"@loader_path/Frameworks",
				);
				PRODUCT_BUNDLE_IDENTIFIER = Max.FocusStartTestTaskUITests;
				PRODUCT_NAME = "$(TARGET_NAME)";
				SWIFT_VERSION = 4.2;
				TARGETED_DEVICE_FAMILY = "1,2";
				TEST_TARGET_NAME = FocusStartTestTask;
			};
			name = Debug;
		};
		50F6C71F2600C106005A5374 /* Release */ = {
			isa = XCBuildConfiguration;
			buildSettings = {
				ALWAYS_EMBED_SWIFT_STANDARD_LIBRARIES = YES;
				CODE_SIGN_STYLE = Automatic;
				INFOPLIST_FILE = FocusStartTestTaskUITests/Info.plist;
				LD_RUNPATH_SEARCH_PATHS = (
					"$(inherited)",
					"@executable_path/Frameworks",
					"@loader_path/Frameworks",
				);
				PRODUCT_BUNDLE_IDENTIFIER = Max.FocusStartTestTaskUITests;
				PRODUCT_NAME = "$(TARGET_NAME)";
				SWIFT_VERSION = 4.2;
				TARGETED_DEVICE_FAMILY = "1,2";
				TEST_TARGET_NAME = FocusStartTestTask;
			};
			name = Release;
		};
/* End XCBuildConfiguration section */

/* Begin XCConfigurationList section */
		50F6C6EA2600C104005A5374 /* Build configuration list for PBXProject "FocusStartTestTask" */ = {
			isa = XCConfigurationList;
			buildConfigurations = (
				50F6C7152600C106005A5374 /* Debug */,
				50F6C7162600C106005A5374 /* Release */,
			);
			defaultConfigurationIsVisible = 0;
			defaultConfigurationName = Release;
		};
		50F6C7172600C106005A5374 /* Build configuration list for PBXNativeTarget "FocusStartTestTask" */ = {
			isa = XCConfigurationList;
			buildConfigurations = (
				50F6C7182600C106005A5374 /* Debug */,
				50F6C7192600C106005A5374 /* Release */,
			);
			defaultConfigurationIsVisible = 0;
			defaultConfigurationName = Release;
		};
		50F6C71A2600C106005A5374 /* Build configuration list for PBXNativeTarget "FocusStartTestTaskTests" */ = {
			isa = XCConfigurationList;
			buildConfigurations = (
				50F6C71B2600C106005A5374 /* Debug */,
				50F6C71C2600C106005A5374 /* Release */,
			);
			defaultConfigurationIsVisible = 0;
			defaultConfigurationName = Release;
		};
		50F6C71D2600C106005A5374 /* Build configuration list for PBXNativeTarget "FocusStartTestTaskUITests" */ = {
			isa = XCConfigurationList;
			buildConfigurations = (
				50F6C71E2600C106005A5374 /* Debug */,
				50F6C71F2600C106005A5374 /* Release */,
			);
			defaultConfigurationIsVisible = 0;
			defaultConfigurationName = Release;
		};
/* End XCConfigurationList section */
	};
	rootObject = 50F6C6E72600C104005A5374 /* Project object */;
}
